PODS:
  - Flutter (1.0.0)
  - IOSV5-TCCore (5.4.2)
  - tc_serverside_plugin (1.2.2):
    - Flutter
    - IOSV5-TCCore (= 5.4.2)
    - TCServerSide_noIDFA (= 5.4.5)
  - tccore_plugin (1.3.1):
    - Flutter
    - IOSV5-TCCore (= 5.4.2)
  - TCServerSide_noIDFA (5.4.5)

DEPENDENCIES:
  - Flutter (from `Flutter`)
  - tc_serverside_plugin (from `.symlinks/plugins/tc_serverside_plugin/ios`)
  - tccore_plugin (from `.symlinks/plugins/tccore_plugin/ios`)

SPEC REPOS:
  trunk:
    - IOSV5-TCCore
    - TCServerSide_noIDFA

EXTERNAL SOURCES:
  Flutter:
    :path: Flutter
  tc_serverside_plugin:
    :path: ".symlinks/plugins/tc_serverside_plugin/ios"
  tccore_plugin:
    :path: ".symlinks/plugins/tccore_plugin/ios"

SPEC CHECKSUMS:
  Flutter: e0871f40cf51350855a761d2e70bf5af5b9b5de7
  IOSV5-TCCore: 7bc1f71a8732c3d42cb9cbdad2f7ca2bbe730483
  tc_serverside_plugin: 3a92eb9e90b9644768e9deb12727ab7e69d0fa4d
  tccore_plugin: af190437c3642314acd1c3156fb1d9c985ee2780
  TCServerSide_noIDFA: 3ecff545cf26411ea5d13e6a47d967dd1426b640

PODFILE CHECKSUM: cf0c950f7e9a456b4e325f5b8fc0f98906a3705a

COCOAPODS: 1.16.2
