PODS:
  - Flutter (1.0.0)
  - tc_serverside_plugin (0.0.1):
    - Flutter
  - tccore_plugin (0.0.1):
    - Flutter

DEPENDENCIES:
  - Flutter (from `Flutter`)
  - tc_serverside_plugin (from `.symlinks/plugins/tc_serverside_plugin/ios`)
  - tccore_plugin (from `.symlinks/plugins/tccore_plugin/ios`)

EXTERNAL SOURCES:
  Flutter:
    :path: Flutter
  tc_serverside_plugin:
    :path: ".symlinks/plugins/tc_serverside_plugin/ios"
  tccore_plugin:
    :path: ".symlinks/plugins/tccore_plugin/ios"

SPEC CHECKSUMS:
  Flutter: f04841e97a9d0b0a8025694d0796dd46242b2854
  tc_serverside_plugin: 8f6d42f2e676288a63599354898d8ef73674cc8c
  tccore_plugin: 7191f2636de5f1bc55d4294373ca769a20ca1ddb

PODFILE CHECKSUM: 663715e941f9adb426e33bf9376914006f9ea95b

COCOAPODS: 1.11.3
