PODS:
  - Flutter (1.0.0)
  - IOSV5-TCCore (5.4.0)
  - tc_serverside_plugin (1.1.1):
    - Flutter
    - IOSV5-TCCore (= 5.4.0)
    - TCServerSide_noIDFA (= 5.4.3)
  - tccore_plugin (1.2.2):
    - Flutter
    - IOSV5-TCCore (= 5.4.0)
  - TCServerSide_noIDFA (5.4.3)

DEPENDENCIES:
  - Flutter (from `Flutter`)
  - tc_serverside_plugin (from `.symlinks/plugins/tc_serverside_plugin/ios`)
  - tccore_plugin (from `.symlinks/plugins/tccore_plugin/ios`)

SPEC REPOS:
  trunk:
    - IOSV5-TCCore
    - TCServerSide_noIDFA

EXTERNAL SOURCES:
  Flutter:
    :path: Flutter
  tc_serverside_plugin:
    :path: ".symlinks/plugins/tc_serverside_plugin/ios"
  tccore_plugin:
    :path: ".symlinks/plugins/tccore_plugin/ios"

SPEC CHECKSUMS:
  Flutter: e0871f40cf51350855a761d2e70bf5af5b9b5de7
  IOSV5-TCCore: c8553e0df90cab10cc8bc4aa8c37baea452021b0
  tc_serverside_plugin: 937e8f6c3d5fbabf3a683a71ef6abd3eefccc196
  tccore_plugin: 6ffd0eb11e6fcec6e96e1a6c721a6327a31248cd
  TCServerSide_noIDFA: 86a8ed5685a937190bbd0f8657834864eeaf6886

PODFILE CHECKSUM: cf0c950f7e9a456b4e325f5b8fc0f98906a3705a

COCOAPODS: 1.15.2
